
Microsoft Visual Studio Solution File, Format Version 12.00
# Visual Studio Version 17
VisualStudioVersion = 17.11.35303.130
MinimumVisualStudioVersion = 10.0.40219.1
Project("{2150E333-8FDC-42A3-9474-1A3956D46DE8}") = "Task0", "Task0", "{D4AA742C-46F0-49C5-88CB-5F6849285EBC}"
EndProject
Project("{9A19103F-16F7-4668-BE54-9A1E7A4F7556}") = "Tyuiu.BorkovNA.Sprint5.Task0.V14.Lib", "Tyuiu.BorkovNA.Sprint5.Task0.V14.Lib\Tyuiu.BorkovNA.Sprint5.Task0.V14.Lib.csproj", "{1A6B5EE6-1EE1-464A-8F00-1B05100C02CC}"
EndProject
Project("{9A19103F-16F7-4668-BE54-9A1E7A4F7556}") = "Tyuiu.BorkovNA.Sprint5.Task0.V14.Test", "Tyuiu.BorkovNA.Sprint5.Task0.V14.Test\Tyuiu.BorkovNA.Sprint5.Task0.V14.Test.csproj", "{C94DF48F-8C65-408C-B418-BB7A75851868}"
EndProject
Project("{9A19103F-16F7-4668-BE54-9A1E7A4F7556}") = "Tyuiu.BorkovNA.Sprint5.Task0.V14", "Tyuiu.BorkovNA.Sprint5.Task0.V14\Tyuiu.BorkovNA.Sprint5.Task0.V14.csproj", "{5AA22C40-3D80-407C-8907-FD56553251DF}"
EndProject
Project("{2150E333-8FDC-42A3-9474-1A3956D46DE8}") = "Task1", "Task1", "{E8C950F9-DEFA-4011-B3FD-851E26C4D43C}"
EndProject
Project("{9A19103F-16F7-4668-BE54-9A1E7A4F7556}") = "Tyuiu.BorkovNA.Sprint5.Task1.V6.Lib", "Tyuiu.BorkovNA.Sprint5.Task1.V6.Lib\Tyuiu.BorkovNA.Sprint5.Task1.V6.Lib.csproj", "{C860BCD4-19CC-45F0-97D1-08CDA63C8CE5}"
EndProject
Project("{9A19103F-16F7-4668-BE54-9A1E7A4F7556}") = "Tyuiu.BorkovNA.Sprint5.Task1.V6.Test", "Tyuiu.BorkovNA.Sprint5.Task1.V6.Test\Tyuiu.BorkovNA.Sprint5.Task1.V6.Test.csproj", "{38C56BD8-4FBB-45E3-89BF-9CF74E2EBCF3}"
EndProject
Project("{9A19103F-16F7-4668-BE54-9A1E7A4F7556}") = "Tyuiu.BorkovNA.Sprint5.Task1.V6", "Tyuiu.BorkovNA.Sprint5.Task1.V6\Tyuiu.BorkovNA.Sprint5.Task1.V6.csproj", "{456FF887-6525-4163-9890-5F01149611D9}"
EndProject
Project("{2150E333-8FDC-42A3-9474-1A3956D46DE8}") = "Task2", "Task2", "{B1B447F1-DA50-4283-B515-7A478845BFBF}"
EndProject
Project("{9A19103F-16F7-4668-BE54-9A1E7A4F7556}") = "Tyuiu.BorkovNA.Sprint5.Task2.V4.Lib", "Tyuiu.BorkovNA.Sprint5.Task2.V4.Lib\Tyuiu.BorkovNA.Sprint5.Task2.V4.Lib.csproj", "{8DE6C4A4-4BB3-44A2-9DD0-8F31147CD27F}"
EndProject
Project("{9A19103F-16F7-4668-BE54-9A1E7A4F7556}") = "Tyuiu.BorkovNA.Sprint5.Task2.V4.Test", "Tyuiu.BorkovNA.Sprint5.Task2.V4.Test\Tyuiu.BorkovNA.Sprint5.Task2.V4.Test.csproj", "{2D7E2418-13ED-4EFC-BE23-A9A575679362}"
EndProject
Project("{9A19103F-16F7-4668-BE54-9A1E7A4F7556}") = "Tyuiu.BorkovNA.Sprint5.Task2.V4", "Tyuiu.BorkovNA.Sprint5.Task2.V4\Tyuiu.BorkovNA.Sprint5.Task2.V4.csproj", "{D9961FB3-6F4A-41DE-930B-1782977D01EE}"
EndProject
Project("{2150E333-8FDC-42A3-9474-1A3956D46DE8}") = "Task3", "Task3", "{7B48E344-03DD-4387-8E18-D7782B65B6F0}"
EndProject
Project("{9A19103F-16F7-4668-BE54-9A1E7A4F7556}") = "Tyuiu.BorkovNA.Sprint5.Task3.V9.Lib", "Tyuiu.BorkovNA.Sprint5.Task3.V9.Lib\Tyuiu.BorkovNA.Sprint5.Task3.V9.Lib.csproj", "{DB7EFAC9-C1E4-4B35-AC98-4788124EBCDF}"
EndProject
Project("{9A19103F-16F7-4668-BE54-9A1E7A4F7556}") = "Tyuiu.BorkovNA.Sprint5.Task3.V9.Test", "Tyuiu.BorkovNA.Sprint5.Task3.V9.Test\Tyuiu.BorkovNA.Sprint5.Task3.V9.Test.csproj", "{B23498A4-66F2-4755-A601-07D7C32FACCC}"
EndProject
Project("{9A19103F-16F7-4668-BE54-9A1E7A4F7556}") = "Tyuiu.BorkovNA.Sprint5.Task3.V9", "Tyuiu.BorkovNA.Sprint5.Task3.V9\Tyuiu.BorkovNA.Sprint5.Task3.V9.csproj", "{03F77627-8B6D-45C6-B01E-45E9D2A12C1F}"
EndProject
Project("{2150E333-8FDC-42A3-9474-1A3956D46DE8}") = "Task4", "Task4", "{704B1B33-AAD4-44F9-A3C1-DCC81248EBA0}"
EndProject
Project("{9A19103F-16F7-4668-BE54-9A1E7A4F7556}") = "Tyuiu.BorkovNA.Sprint5.Task4.V23.Lib", "Tyuiu.BorkovNA.Sprint5.Task4.V23.Lib\Tyuiu.BorkovNA.Sprint5.Task4.V23.Lib.csproj", "{F3A13C61-2932-4C7C-9D85-209876C513C0}"
EndProject
Project("{9A19103F-16F7-4668-BE54-9A1E7A4F7556}") = "Tyuiu.BorkovNA.Sprint5.Task4.V23.Test", "Tyuiu.BorkovNA.Sprint5.Task4.V23.Test\Tyuiu.BorkovNA.Sprint5.Task4.V23.Test.csproj", "{854F1AB7-7A88-4F48-B94C-8A60AE6AF24A}"
EndProject
Project("{9A19103F-16F7-4668-BE54-9A1E7A4F7556}") = "Tyuiu.BorkovNA.Sprint5.Task4.V23", "Tyuiu.BorkovNA.Sprint5.Task4.V23\Tyuiu.BorkovNA.Sprint5.Task4.V23.csproj", "{29C83DEE-7F9E-4250-90B5-C985D11EB7F9}"
EndProject
Project("{2150E333-8FDC-42A3-9474-1A3956D46DE8}") = "Task5", "Task5", "{7BF7562C-34D5-493A-98E9-EE9A39AF0254}"
EndProject
Project("{9A19103F-16F7-4668-BE54-9A1E7A4F7556}") = "Tyuiu.BorkovNA.Sprint5.Task5.V26.Lib", "Tyuiu.BorkovNA.Sprint5.Task5.V26.Lib\Tyuiu.BorkovNA.Sprint5.Task5.V26.Lib.csproj", "{AF0C27B4-35AF-47F8-9D7B-E1C11E7767B2}"
EndProject
Project("{9A19103F-16F7-4668-BE54-9A1E7A4F7556}") = "Tyuiu.BorkovNA.Sprint5.Task5.V26.Test", "Tyuiu.BorkovNA.Sprint5.Task5.V26.Test\Tyuiu.BorkovNA.Sprint5.Task5.V26.Test.csproj", "{C8E4F128-6485-4B28-9FC9-B9A74DCE92D5}"
EndProject
Project("{9A19103F-16F7-4668-BE54-9A1E7A4F7556}") = "Tyuiu.BorkovNA.Sprint5.Task5.V26", "Tyuiu.BorkovNA.Sprint5.Task5.V26\Tyuiu.BorkovNA.Sprint5.Task5.V26.csproj", "{362901B2-63DC-45A5-B81B-B54218BBF341}"
EndProject
Project("{2150E333-8FDC-42A3-9474-1A3956D46DE8}") = "Task6", "Task6", "{AC74F174-238B-4B59-BA89-65342CDA5BF8}"
EndProject
Project("{2150E333-8FDC-42A3-9474-1A3956D46DE8}") = "Task7", "Task7", "{30D970BC-0C4E-44FB-BA45-0DF0CAB3C311}"
EndProject
Project("{FAE04EC0-301F-11D3-BF4B-00C04F79EFBC}") = "Tyuiu.BorkovNA.Sprint5.Task6.V6.Lib", "Tyuiu.BorkovNA.Sprint5.Task6.V6.Lib\Tyuiu.BorkovNA.Sprint5.Task6.V6.Lib.csproj", "{70D2277C-872A-4EF4-AF4D-9B4006444F04}"
EndProject
Project("{FAE04EC0-301F-11D3-BF4B-00C04F79EFBC}") = "Tyuiu.BorkovNA.Sprint5.Task6.V6.Test", "Tyuiu.BorkovNA.Sprint5.Task6.V6.Test\Tyuiu.BorkovNA.Sprint5.Task6.V6.Test.csproj", "{E6EA6DE5-75AB-403E-AEB3-280DB8D1F058}"
EndProject
Project("{FAE04EC0-301F-11D3-BF4B-00C04F79EFBC}") = "Tyuiu.BorkovNA.Sprint5.Task6.V6", "Tyuiu.BorkovNA.Sprint5.Task6.V6\Tyuiu.BorkovNA.Sprint5.Task6.V6.csproj", "{2E9DFD8B-C97A-416A-AB90-F9467076F9A3}"
EndProject
Global
	GlobalSection(SolutionConfigurationPlatforms) = preSolution
		Debug|Any CPU = Debug|Any CPU
		Release|Any CPU = Release|Any CPU
	EndGlobalSection
	GlobalSection(ProjectConfigurationPlatforms) = postSolution
		{1A6B5EE6-1EE1-464A-8F00-1B05100C02CC}.Debug|Any CPU.ActiveCfg = Debug|Any CPU
		{1A6B5EE6-1EE1-464A-8F00-1B05100C02CC}.Debug|Any CPU.Build.0 = Debug|Any CPU
		{1A6B5EE6-1EE1-464A-8F00-1B05100C02CC}.Release|Any CPU.ActiveCfg = Release|Any CPU
		{1A6B5EE6-1EE1-464A-8F00-1B05100C02CC}.Release|Any CPU.Build.0 = Release|Any CPU
		{C94DF48F-8C65-408C-B418-BB7A75851868}.Debug|Any CPU.ActiveCfg = Debug|Any CPU
		{C94DF48F-8C65-408C-B418-BB7A75851868}.Debug|Any CPU.Build.0 = Debug|Any CPU
		{C94DF48F-8C65-408C-B418-BB7A75851868}.Release|Any CPU.ActiveCfg = Release|Any CPU
		{C94DF48F-8C65-408C-B418-BB7A75851868}.Release|Any CPU.Build.0 = Release|Any CPU
		{5AA22C40-3D80-407C-8907-FD56553251DF}.Debug|Any CPU.ActiveCfg = Debug|Any CPU
		{5AA22C40-3D80-407C-8907-FD56553251DF}.Debug|Any CPU.Build.0 = Debug|Any CPU
		{5AA22C40-3D80-407C-8907-FD56553251DF}.Release|Any CPU.ActiveCfg = Release|Any CPU
		{5AA22C40-3D80-407C-8907-FD56553251DF}.Release|Any CPU.Build.0 = Release|Any CPU
		{C860BCD4-19CC-45F0-97D1-08CDA63C8CE5}.Debug|Any CPU.ActiveCfg = Debug|Any CPU
		{C860BCD4-19CC-45F0-97D1-08CDA63C8CE5}.Debug|Any CPU.Build.0 = Debug|Any CPU
		{C860BCD4-19CC-45F0-97D1-08CDA63C8CE5}.Release|Any CPU.ActiveCfg = Release|Any CPU
		{C860BCD4-19CC-45F0-97D1-08CDA63C8CE5}.Release|Any CPU.Build.0 = Release|Any CPU
		{38C56BD8-4FBB-45E3-89BF-9CF74E2EBCF3}.Debug|Any CPU.ActiveCfg = Debug|Any CPU
		{38C56BD8-4FBB-45E3-89BF-9CF74E2EBCF3}.Debug|Any CPU.Build.0 = Debug|Any CPU
		{38C56BD8-4FBB-45E3-89BF-9CF74E2EBCF3}.Release|Any CPU.ActiveCfg = Release|Any CPU
		{38C56BD8-4FBB-45E3-89BF-9CF74E2EBCF3}.Release|Any CPU.Build.0 = Release|Any CPU
		{456FF887-6525-4163-9890-5F01149611D9}.Debug|Any CPU.ActiveCfg = Debug|Any CPU
		{456FF887-6525-4163-9890-5F01149611D9}.Debug|Any CPU.Build.0 = Debug|Any CPU
		{456FF887-6525-4163-9890-5F01149611D9}.Release|Any CPU.ActiveCfg = Release|Any CPU
		{456FF887-6525-4163-9890-5F01149611D9}.Release|Any CPU.Build.0 = Release|Any CPU
		{8DE6C4A4-4BB3-44A2-9DD0-8F31147CD27F}.Debug|Any CPU.ActiveCfg = Debug|Any CPU
		{8DE6C4A4-4BB3-44A2-9DD0-8F31147CD27F}.Debug|Any CPU.Build.0 = Debug|Any CPU
		{8DE6C4A4-4BB3-44A2-9DD0-8F31147CD27F}.Release|Any CPU.ActiveCfg = Release|Any CPU
		{8DE6C4A4-4BB3-44A2-9DD0-8F31147CD27F}.Release|Any CPU.Build.0 = Release|Any CPU
		{2D7E2418-13ED-4EFC-BE23-A9A575679362}.Debug|Any CPU.ActiveCfg = Debug|Any CPU
		{2D7E2418-13ED-4EFC-BE23-A9A575679362}.Debug|Any CPU.Build.0 = Debug|Any CPU
		{2D7E2418-13ED-4EFC-BE23-A9A575679362}.Release|Any CPU.ActiveCfg = Release|Any CPU
		{2D7E2418-13ED-4EFC-BE23-A9A575679362}.Release|Any CPU.Build.0 = Release|Any CPU
		{D9961FB3-6F4A-41DE-930B-1782977D01EE}.Debug|Any CPU.ActiveCfg = Debug|Any CPU
		{D9961FB3-6F4A-41DE-930B-1782977D01EE}.Debug|Any CPU.Build.0 = Debug|Any CPU
		{D9961FB3-6F4A-41DE-930B-1782977D01EE}.Release|Any CPU.ActiveCfg = Release|Any CPU
		{D9961FB3-6F4A-41DE-930B-1782977D01EE}.Release|Any CPU.Build.0 = Release|Any CPU
		{DB7EFAC9-C1E4-4B35-AC98-4788124EBCDF}.Debug|Any CPU.ActiveCfg = Debug|Any CPU
		{DB7EFAC9-C1E4-4B35-AC98-4788124EBCDF}.Debug|Any CPU.Build.0 = Debug|Any CPU
		{DB7EFAC9-C1E4-4B35-AC98-4788124EBCDF}.Release|Any CPU.ActiveCfg = Release|Any CPU
		{DB7EFAC9-C1E4-4B35-AC98-4788124EBCDF}.Release|Any CPU.Build.0 = Release|Any CPU
		{B23498A4-66F2-4755-A601-07D7C32FACCC}.Debug|Any CPU.ActiveCfg = Debug|Any CPU
		{B23498A4-66F2-4755-A601-07D7C32FACCC}.Debug|Any CPU.Build.0 = Debug|Any CPU
		{B23498A4-66F2-4755-A601-07D7C32FACCC}.Release|Any CPU.ActiveCfg = Release|Any CPU
		{B23498A4-66F2-4755-A601-07D7C32FACCC}.Release|Any CPU.Build.0 = Release|Any CPU
		{03F77627-8B6D-45C6-B01E-45E9D2A12C1F}.Debug|Any CPU.ActiveCfg = Debug|Any CPU
		{03F77627-8B6D-45C6-B01E-45E9D2A12C1F}.Debug|Any CPU.Build.0 = Debug|Any CPU
		{03F77627-8B6D-45C6-B01E-45E9D2A12C1F}.Release|Any CPU.ActiveCfg = Release|Any CPU
		{03F77627-8B6D-45C6-B01E-45E9D2A12C1F}.Release|Any CPU.Build.0 = Release|Any CPU
		{F3A13C61-2932-4C7C-9D85-209876C513C0}.Debug|Any CPU.ActiveCfg = Debug|Any CPU
		{F3A13C61-2932-4C7C-9D85-209876C513C0}.Debug|Any CPU.Build.0 = Debug|Any CPU
		{F3A13C61-2932-4C7C-9D85-209876C513C0}.Release|Any CPU.ActiveCfg = Release|Any CPU
		{F3A13C61-2932-4C7C-9D85-209876C513C0}.Release|Any CPU.Build.0 = Release|Any CPU
		{854F1AB7-7A88-4F48-B94C-8A60AE6AF24A}.Debug|Any CPU.ActiveCfg = Debug|Any CPU
		{854F1AB7-7A88-4F48-B94C-8A60AE6AF24A}.Debug|Any CPU.Build.0 = Debug|Any CPU
		{854F1AB7-7A88-4F48-B94C-8A60AE6AF24A}.Release|Any CPU.ActiveCfg = Release|Any CPU
		{854F1AB7-7A88-4F48-B94C-8A60AE6AF24A}.Release|Any CPU.Build.0 = Release|Any CPU
		{29C83DEE-7F9E-4250-90B5-C985D11EB7F9}.Debug|Any CPU.ActiveCfg = Debug|Any CPU
		{29C83DEE-7F9E-4250-90B5-C985D11EB7F9}.Debug|Any CPU.Build.0 = Debug|Any CPU
		{29C83DEE-7F9E-4250-90B5-C985D11EB7F9}.Release|Any CPU.ActiveCfg = Release|Any CPU
		{29C83DEE-7F9E-4250-90B5-C985D11EB7F9}.Release|Any CPU.Build.0 = Release|Any CPU
		{AF0C27B4-35AF-47F8-9D7B-E1C11E7767B2}.Debug|Any CPU.ActiveCfg = Debug|Any CPU
		{AF0C27B4-35AF-47F8-9D7B-E1C11E7767B2}.Debug|Any CPU.Build.0 = Debug|Any CPU
		{AF0C27B4-35AF-47F8-9D7B-E1C11E7767B2}.Release|Any CPU.ActiveCfg = Release|Any CPU
		{AF0C27B4-35AF-47F8-9D7B-E1C11E7767B2}.Release|Any CPU.Build.0 = Release|Any CPU
		{C8E4F128-6485-4B28-9FC9-B9A74DCE92D5}.Debug|Any CPU.ActiveCfg = Debug|Any CPU
		{C8E4F128-6485-4B28-9FC9-B9A74DCE92D5}.Debug|Any CPU.Build.0 = Debug|Any CPU
		{C8E4F128-6485-4B28-9FC9-B9A74DCE92D5}.Release|Any CPU.ActiveCfg = Release|Any CPU
		{C8E4F128-6485-4B28-9FC9-B9A74DCE92D5}.Release|Any CPU.Build.0 = Release|Any CPU
		{362901B2-63DC-45A5-B81B-B54218BBF341}.Debug|Any CPU.ActiveCfg = Debug|Any CPU
		{362901B2-63DC-45A5-B81B-B54218BBF341}.Debug|Any CPU.Build.0 = Debug|Any CPU
		{362901B2-63DC-45A5-B81B-B54218BBF341}.Release|Any CPU.ActiveCfg = Release|Any CPU
		{362901B2-63DC-45A5-B81B-B54218BBF341}.Release|Any CPU.Build.0 = Release|Any CPU
		{70D2277C-872A-4EF4-AF4D-9B4006444F04}.Debug|Any CPU.ActiveCfg = Debug|Any CPU
		{70D2277C-872A-4EF4-AF4D-9B4006444F04}.Debug|Any CPU.Build.0 = Debug|Any CPU
		{70D2277C-872A-4EF4-AF4D-9B4006444F04}.Release|Any CPU.ActiveCfg = Release|Any CPU
		{70D2277C-872A-4EF4-AF4D-9B4006444F04}.Release|Any CPU.Build.0 = Release|Any CPU
		{E6EA6DE5-75AB-403E-AEB3-280DB8D1F058}.Debug|Any CPU.ActiveCfg = Debug|Any CPU
		{E6EA6DE5-75AB-403E-AEB3-280DB8D1F058}.Debug|Any CPU.Build.0 = Debug|Any CPU
		{E6EA6DE5-75AB-403E-AEB3-280DB8D1F058}.Release|Any CPU.ActiveCfg = Release|Any CPU
		{E6EA6DE5-75AB-403E-AEB3-280DB8D1F058}.Release|Any CPU.Build.0 = Release|Any CPU
		{2E9DFD8B-C97A-416A-AB90-F9467076F9A3}.Debug|Any CPU.ActiveCfg = Debug|Any CPU
		{2E9DFD8B-C97A-416A-AB90-F9467076F9A3}.Debug|Any CPU.Build.0 = Debug|Any CPU
		{2E9DFD8B-C97A-416A-AB90-F9467076F9A3}.Release|Any CPU.ActiveCfg = Release|Any CPU
		{2E9DFD8B-C97A-416A-AB90-F9467076F9A3}.Release|Any CPU.Build.0 = Release|Any CPU
	EndGlobalSection
	GlobalSection(SolutionProperties) = preSolution
		HideSolutionNode = FALSE
	EndGlobalSection
	GlobalSection(NestedProjects) = preSolution
		{1A6B5EE6-1EE1-464A-8F00-1B05100C02CC} = {D4AA742C-46F0-49C5-88CB-5F6849285EBC}
		{C94DF48F-8C65-408C-B418-BB7A75851868} = {D4AA742C-46F0-49C5-88CB-5F6849285EBC}
		{5AA22C40-3D80-407C-8907-FD56553251DF} = {D4AA742C-46F0-49C5-88CB-5F6849285EBC}
		{C860BCD4-19CC-45F0-97D1-08CDA63C8CE5} = {E8C950F9-DEFA-4011-B3FD-851E26C4D43C}
		{38C56BD8-4FBB-45E3-89BF-9CF74E2EBCF3} = {E8C950F9-DEFA-4011-B3FD-851E26C4D43C}
		{456FF887-6525-4163-9890-5F01149611D9} = {E8C950F9-DEFA-4011-B3FD-851E26C4D43C}
		{8DE6C4A4-4BB3-44A2-9DD0-8F31147CD27F} = {B1B447F1-DA50-4283-B515-7A478845BFBF}
		{2D7E2418-13ED-4EFC-BE23-A9A575679362} = {B1B447F1-DA50-4283-B515-7A478845BFBF}
		{D9961FB3-6F4A-41DE-930B-1782977D01EE} = {B1B447F1-DA50-4283-B515-7A478845BFBF}
		{DB7EFAC9-C1E4-4B35-AC98-4788124EBCDF} = {7B48E344-03DD-4387-8E18-D7782B65B6F0}
		{B23498A4-66F2-4755-A601-07D7C32FACCC} = {7B48E344-03DD-4387-8E18-D7782B65B6F0}
		{03F77627-8B6D-45C6-B01E-45E9D2A12C1F} = {7B48E344-03DD-4387-8E18-D7782B65B6F0}
		{F3A13C61-2932-4C7C-9D85-209876C513C0} = {704B1B33-AAD4-44F9-A3C1-DCC81248EBA0}
		{854F1AB7-7A88-4F48-B94C-8A60AE6AF24A} = {704B1B33-AAD4-44F9-A3C1-DCC81248EBA0}
		{29C83DEE-7F9E-4250-90B5-C985D11EB7F9} = {704B1B33-AAD4-44F9-A3C1-DCC81248EBA0}
		{AF0C27B4-35AF-47F8-9D7B-E1C11E7767B2} = {7BF7562C-34D5-493A-98E9-EE9A39AF0254}
		{C8E4F128-6485-4B28-9FC9-B9A74DCE92D5} = {7BF7562C-34D5-493A-98E9-EE9A39AF0254}
		{362901B2-63DC-45A5-B81B-B54218BBF341} = {7BF7562C-34D5-493A-98E9-EE9A39AF0254}
		{70D2277C-872A-4EF4-AF4D-9B4006444F04} = {AC74F174-238B-4B59-BA89-65342CDA5BF8}
		{E6EA6DE5-75AB-403E-AEB3-280DB8D1F058} = {AC74F174-238B-4B59-BA89-65342CDA5BF8}
		{2E9DFD8B-C97A-416A-AB90-F9467076F9A3} = {AC74F174-238B-4B59-BA89-65342CDA5BF8}
	EndGlobalSection
	GlobalSection(ExtensibilityGlobals) = postSolution
		SolutionGuid = {7D831854-800E-4D4D-A5CB-3102CD7E7FFD}
	EndGlobalSection
EndGlobal
